{
  "name": "xyview",
  "version": "0.0.0",
  "lockfileVersion": 2,
  "requires": true,
  "packages": {
    "": {
      "name": "xyview",
      "version": "0.0.0",
      "dependencies": {
        "numcore": "https://github.com/tompng/numcore.git"
      },
      "devDependencies": {
        "typescript": "*"
      }
    },
    "node_modules/numcore": {
      "version": "0.0.0",
      "resolved": "git+ssh://git@github.com/tompng/numcore.git#6d1453a01871be41a6eb0ec5c131a189bbe377a7"
    },
    "node_modules/typescript": {
      "version": "4.6.4",
      "dev": true,
      "license": "Apache-2.0",
      "bin": {
        "tsc": "bin/tsc",
        "tsserver": "bin/tsserver"
      },
      "engines": {
        "node": ">=4.2.0"
      }
    }
  },
  "dependencies": {
    "numcore": {
      "version": "git+ssh://git@github.com/tompng/numcore.git#6d1453a01871be41a6eb0ec5c131a189bbe377a7",
      "from": "numcore@https://github.com/tompng/numcore.git"
    },
    "typescript": {
      "version": "4.6.4",
      "dev": true
    }
  }
}
